// !$*UTF8*$!
{
	archiveVersion = 1;
	classes = {
	};
	objectVersion = 50;
	objects = {

/* Begin PBXBuildFile section */
		2011B86B228B642300067C1C /* CoreDataHelper.swift in Sources */ = {isa = PBXBuildFile; fileRef = 2011B86A228B642300067C1C /* CoreDataHelper.swift */; };
		2011B86D228B64FF00067C1C /* User.swift in Sources */ = {isa = PBXBuildFile; fileRef = 2011B86C228B64FF00067C1C /* User.swift */; };
		2011B86F228B67C600067C1C /* OnBoardingViewController.swift in Sources */ = {isa = PBXBuildFile; fileRef = 2011B86E228B67C600067C1C /* OnBoardingViewController.swift */; };
		2011B872228B68B100067C1C /* OnBoardingView.swift in Sources */ = {isa = PBXBuildFile; fileRef = 2011B871228B68B100067C1C /* OnBoardingView.swift */; };
		2011B874228B68BE00067C1C /* OnBoardingView.xib in Resources */ = {isa = PBXBuildFile; fileRef = 2011B873228B68BE00067C1C /* OnBoardingView.xib */; };
		202606B9228DD59F0017BDCD /* SignUpViewController.swift in Sources */ = {isa = PBXBuildFile; fileRef = 202606B8228DD59F0017BDCD /* SignUpViewController.swift */; };
		202606BD228DDF370017BDCD /* AccountKit.swift in Sources */ = {isa = PBXBuildFile; fileRef = 202606BC228DDF370017BDCD /* AccountKit.swift */; };
		202606C1228DE0950017BDCD /* CloudKit.framework in Frameworks */ = {isa = PBXBuildFile; fileRef = 202606C0228DE0950017BDCD /* CloudKit.framework */; };
		2042B174229070E500DEAD80 /* sample_two.html in Resources */ = {isa = PBXBuildFile; fileRef = 2042B173229070E500DEAD80 /* sample_two.html */; };
		2042B1762291A6D700DEAD80 /* MainViewController.swift in Sources */ = {isa = PBXBuildFile; fileRef = 2042B1752291A6D700DEAD80 /* MainViewController.swift */; };
		2042B17E2291AAC000DEAD80 /* MainTableViewCell.swift in Sources */ = {isa = PBXBuildFile; fileRef = 2042B17C2291AAC000DEAD80 /* MainTableViewCell.swift */; };
		207063002288A27100ADE876 /* SplashScreenViewController.swift in Sources */ = {isa = PBXBuildFile; fileRef = 207062FF2288A27100ADE876 /* SplashScreenViewController.swift */; };
		208C22F1228675B300F91C4F /* AppDelegate.swift in Sources */ = {isa = PBXBuildFile; fileRef = 208C22F0228675B300F91C4F /* AppDelegate.swift */; };
		208C22F3228675B300F91C4F /* SelectATemplateViewController.swift in Sources */ = {isa = PBXBuildFile; fileRef = 208C22F2228675B300F91C4F /* SelectATemplateViewController.swift */; };
		208C22F6228675B300F91C4F /* Main.storyboard in Resources */ = {isa = PBXBuildFile; fileRef = 208C22F4228675B300F91C4F /* Main.storyboard */; };
		208C22F9228675B300F91C4F /* Rambo.xcdatamodeld in Sources */ = {isa = PBXBuildFile; fileRef = 208C22F7228675B300F91C4F /* Rambo.xcdatamodeld */; };
		208C22FB228675B400F91C4F /* Assets.xcassets in Resources */ = {isa = PBXBuildFile; fileRef = 208C22FA228675B400F91C4F /* Assets.xcassets */; };
		208C2309228675B400F91C4F /* RamboTests.swift in Sources */ = {isa = PBXBuildFile; fileRef = 208C2308228675B400F91C4F /* RamboTests.swift */; };
		208C2314228675B400F91C4F /* RamboUITests.swift in Sources */ = {isa = PBXBuildFile; fileRef = 208C2313228675B400F91C4F /* RamboUITests.swift */; };
		20B63A56229062AC00EA1814 /* TemplateScroll.xib in Resources */ = {isa = PBXBuildFile; fileRef = 20B63A55229062AC00EA1814 /* TemplateScroll.xib */; };
		20B63A58229062B800EA1814 /* TemplateScroll.swift in Sources */ = {isa = PBXBuildFile; fileRef = 20B63A57229062B800EA1814 /* TemplateScroll.swift */; };
		20B63A5A2290646B00EA1814 /* TemplateWeb.xib in Resources */ = {isa = PBXBuildFile; fileRef = 20B63A592290646B00EA1814 /* TemplateWeb.xib */; };
		20B63A5C2290647900EA1814 /* TemplateWeb.swift in Sources */ = {isa = PBXBuildFile; fileRef = 20B63A5B2290647900EA1814 /* TemplateWeb.swift */; };
		20B63A5E2290652200EA1814 /* sample_one.html in Resources */ = {isa = PBXBuildFile; fileRef = 20B63A5D2290652200EA1814 /* sample_one.html */; };
		20B63A60229066E700EA1814 /* WebKit.framework in Frameworks */ = {isa = PBXBuildFile; fileRef = 20B63A5F229066E700EA1814 /* WebKit.framework */; };
		20C2C1FB228E5E1000E3B0D7 /* SelectTemplate.xib in Resources */ = {isa = PBXBuildFile; fileRef = 20C2C1FA228E5E1000E3B0D7 /* SelectTemplate.xib */; };
		20C2C1FD228E5E6000E3B0D7 /* SelectTemplate.swift in Sources */ = {isa = PBXBuildFile; fileRef = 20C2C1FC228E5E6000E3B0D7 /* SelectTemplate.swift */; };
		E54A8DA4228A494D0030FB2F /* Icons in Resources */ = {isa = PBXBuildFile; fileRef = E54A8DA1228A494C0030FB2F /* Icons */; };
		E5B78520228BA96E0089BC59 /* NotoSansJP-Bold.otf in Resources */ = {isa = PBXBuildFile; fileRef = E5B7851E228BA9560089BC59 /* NotoSansJP-Bold.otf */; };
		E5B78521228BA9720089BC59 /* NotoSansJP-Regular.otf in Resources */ = {isa = PBXBuildFile; fileRef = E5B7851F228BA9560089BC59 /* NotoSansJP-Regular.otf */; };
		E5B78523228BA9CE0089BC59 /* NotoSansJP-Medium.otf in Resources */ = {isa = PBXBuildFile; fileRef = E5B78522228BA9CE0089BC59 /* NotoSansJP-Medium.otf */; };
		E5B78526228BB5690089BC59 /* UITextFieldHelper.swift in Sources */ = {isa = PBXBuildFile; fileRef = E54A8DA7228A49770030FB2F /* UITextFieldHelper.swift */; };
		E5B78527228BB5690089BC59 /* UITextViewHelper.swift in Sources */ = {isa = PBXBuildFile; fileRef = E54A8DA8228A49770030FB2F /* UITextViewHelper.swift */; };
		E5B78528228BB5690089BC59 /* NSLayoutHelper.swift in Sources */ = {isa = PBXBuildFile; fileRef = E54A8DA9228A49770030FB2F /* NSLayoutHelper.swift */; };
		E5B78529228BB5690089BC59 /* DeviceHelper.swift in Sources */ = {isa = PBXBuildFile; fileRef = E54A8DAA228A49770030FB2F /* DeviceHelper.swift */; };
		E5B7852A228BB5690089BC59 /* UIButtonHelper.swift in Sources */ = {isa = PBXBuildFile; fileRef = E54A8DAB228A49770030FB2F /* UIButtonHelper.swift */; };
		E5B7852B228BB5690089BC59 /* UILabelHelper.swift in Sources */ = {isa = PBXBuildFile; fileRef = E54A8DAC228A49770030FB2F /* UILabelHelper.swift */; };
		E5BBC24A228A60C100D778C6 /* LaunchScreen.storyboard in Resources */ = {isa = PBXBuildFile; fileRef = E5BBC249228A60C100D778C6 /* LaunchScreen.storyboard */; };
		E5BBC24D228A61DE00D778C6 /* worthy-logo.png in Resources */ = {isa = PBXBuildFile; fileRef = E5BBC24C228A61DE00D778C6 /* worthy-logo.png */; };
/* End PBXBuildFile section */

/* Begin PBXContainerItemProxy section */
		208C2305228675B400F91C4F /* PBXContainerItemProxy */ = {
			isa = PBXContainerItemProxy;
			containerPortal = 208C22E5228675B300F91C4F /* Project object */;
			proxyType = 1;
			remoteGlobalIDString = 208C22EC228675B300F91C4F;
			remoteInfo = Rambo;
		};
		208C2310228675B400F91C4F /* PBXContainerItemProxy */ = {
			isa = PBXContainerItemProxy;
			containerPortal = 208C22E5228675B300F91C4F /* Project object */;
			proxyType = 1;
			remoteGlobalIDString = 208C22EC228675B300F91C4F;
			remoteInfo = Rambo;
		};
/* End PBXContainerItemProxy section */

/* Begin PBXFileReference section */
		2011B86A228B642300067C1C /* CoreDataHelper.swift */ = {isa = PBXFileReference; lastKnownFileType = sourcecode.swift; path = CoreDataHelper.swift; sourceTree = "<group>"; };
		2011B86C228B64FF00067C1C /* User.swift */ = {isa = PBXFileReference; lastKnownFileType = sourcecode.swift; path = User.swift; sourceTree = "<group>"; };
		2011B86E228B67C600067C1C /* OnBoardingViewController.swift */ = {isa = PBXFileReference; lastKnownFileType = sourcecode.swift; path = OnBoardingViewController.swift; sourceTree = "<group>"; };
		2011B871228B68B100067C1C /* OnBoardingView.swift */ = {isa = PBXFileReference; lastKnownFileType = sourcecode.swift; path = OnBoardingView.swift; sourceTree = "<group>"; };
		2011B873228B68BE00067C1C /* OnBoardingView.xib */ = {isa = PBXFileReference; lastKnownFileType = file.xib; path = OnBoardingView.xib; sourceTree = "<group>"; };
		202606B8228DD59F0017BDCD /* SignUpViewController.swift */ = {isa = PBXFileReference; lastKnownFileType = sourcecode.swift; path = SignUpViewController.swift; sourceTree = "<group>"; };
		202606BC228DDF370017BDCD /* AccountKit.swift */ = {isa = PBXFileReference; lastKnownFileType = sourcecode.swift; path = AccountKit.swift; sourceTree = "<group>"; };
		202606BE228DE08C0017BDCD /* Rambo.entitlements */ = {isa = PBXFileReference; lastKnownFileType = text.plist.entitlements; path = Rambo.entitlements; sourceTree = "<group>"; };
		202606C0228DE0950017BDCD /* CloudKit.framework */ = {isa = PBXFileReference; lastKnownFileType = wrapper.framework; name = CloudKit.framework; path = System/Library/Frameworks/CloudKit.framework; sourceTree = SDKROOT; };
		2042B173229070E500DEAD80 /* sample_two.html */ = {isa = PBXFileReference; fileEncoding = 4; lastKnownFileType = text.html; path = sample_two.html; sourceTree = "<group>"; };
		2042B1752291A6D700DEAD80 /* MainViewController.swift */ = {isa = PBXFileReference; lastKnownFileType = sourcecode.swift; path = MainViewController.swift; sourceTree = "<group>"; };
		2042B17C2291AAC000DEAD80 /* MainTableViewCell.swift */ = {isa = PBXFileReference; lastKnownFileType = sourcecode.swift; path = MainTableViewCell.swift; sourceTree = "<group>"; };
		207062FF2288A27100ADE876 /* SplashScreenViewController.swift */ = {isa = PBXFileReference; fileEncoding = 4; lastKnownFileType = sourcecode.swift; path = SplashScreenViewController.swift; sourceTree = "<group>"; };
		208C22ED228675B300F91C4F /* Rambo.app */ = {isa = PBXFileReference; explicitFileType = wrapper.application; includeInIndex = 0; path = Rambo.app; sourceTree = BUILT_PRODUCTS_DIR; };
		208C22F0228675B300F91C4F /* AppDelegate.swift */ = {isa = PBXFileReference; lastKnownFileType = sourcecode.swift; path = AppDelegate.swift; sourceTree = "<group>"; };
		208C22F2228675B300F91C4F /* SelectATemplateViewController.swift */ = {isa = PBXFileReference; lastKnownFileType = sourcecode.swift; path = SelectATemplateViewController.swift; sourceTree = "<group>"; };
		208C22F5228675B300F91C4F /* Base */ = {isa = PBXFileReference; lastKnownFileType = file.storyboard; name = Base; path = Base.lproj/Main.storyboard; sourceTree = "<group>"; };
		208C22F8228675B300F91C4F /* Rambo.xcdatamodel */ = {isa = PBXFileReference; lastKnownFileType = wrapper.xcdatamodel; path = Rambo.xcdatamodel; sourceTree = "<group>"; };
		208C22FA228675B400F91C4F /* Assets.xcassets */ = {isa = PBXFileReference; lastKnownFileType = folder.assetcatalog; path = Assets.xcassets; sourceTree = "<group>"; };
		208C22FF228675B400F91C4F /* Info.plist */ = {isa = PBXFileReference; lastKnownFileType = text.plist.xml; path = Info.plist; sourceTree = "<group>"; };
		208C2304228675B400F91C4F /* RamboTests.xctest */ = {isa = PBXFileReference; explicitFileType = wrapper.cfbundle; includeInIndex = 0; path = RamboTests.xctest; sourceTree = BUILT_PRODUCTS_DIR; };
		208C2308228675B400F91C4F /* RamboTests.swift */ = {isa = PBXFileReference; lastKnownFileType = sourcecode.swift; path = RamboTests.swift; sourceTree = "<group>"; };
		208C230A228675B400F91C4F /* Info.plist */ = {isa = PBXFileReference; lastKnownFileType = text.plist.xml; path = Info.plist; sourceTree = "<group>"; };
		208C230F228675B400F91C4F /* RamboUITests.xctest */ = {isa = PBXFileReference; explicitFileType = wrapper.cfbundle; includeInIndex = 0; path = RamboUITests.xctest; sourceTree = BUILT_PRODUCTS_DIR; };
		208C2313228675B400F91C4F /* RamboUITests.swift */ = {isa = PBXFileReference; lastKnownFileType = sourcecode.swift; path = RamboUITests.swift; sourceTree = "<group>"; };
		208C2315228675B400F91C4F /* Info.plist */ = {isa = PBXFileReference; lastKnownFileType = text.plist.xml; path = Info.plist; sourceTree = "<group>"; };
		20B63A55229062AC00EA1814 /* TemplateScroll.xib */ = {isa = PBXFileReference; lastKnownFileType = file.xib; path = TemplateScroll.xib; sourceTree = "<group>"; };
		20B63A57229062B800EA1814 /* TemplateScroll.swift */ = {isa = PBXFileReference; lastKnownFileType = sourcecode.swift; path = TemplateScroll.swift; sourceTree = "<group>"; };
		20B63A592290646B00EA1814 /* TemplateWeb.xib */ = {isa = PBXFileReference; lastKnownFileType = file.xib; path = TemplateWeb.xib; sourceTree = "<group>"; };
		20B63A5B2290647900EA1814 /* TemplateWeb.swift */ = {isa = PBXFileReference; lastKnownFileType = sourcecode.swift; path = TemplateWeb.swift; sourceTree = "<group>"; };
		20B63A5D2290652200EA1814 /* sample_one.html */ = {isa = PBXFileReference; fileEncoding = 4; lastKnownFileType = text.html; path = sample_one.html; sourceTree = "<group>"; };
		20B63A5F229066E700EA1814 /* WebKit.framework */ = {isa = PBXFileReference; lastKnownFileType = wrapper.framework; name = WebKit.framework; path = System/Library/Frameworks/WebKit.framework; sourceTree = SDKROOT; };
		20C2C1FA228E5E1000E3B0D7 /* SelectTemplate.xib */ = {isa = PBXFileReference; lastKnownFileType = file.xib; path = SelectTemplate.xib; sourceTree = "<group>"; };
		20C2C1FC228E5E6000E3B0D7 /* SelectTemplate.swift */ = {isa = PBXFileReference; lastKnownFileType = sourcecode.swift; path = SelectTemplate.swift; sourceTree = "<group>"; };
		E54A8DA1228A494C0030FB2F /* Icons */ = {isa = PBXFileReference; lastKnownFileType = folder; path = Icons; sourceTree = "<group>"; };
		E54A8DA7228A49770030FB2F /* UITextFieldHelper.swift */ = {isa = PBXFileReference; lastKnownFileType = sourcecode.swift; path = UITextFieldHelper.swift; sourceTree = "<group>"; };
		E54A8DA8228A49770030FB2F /* UITextViewHelper.swift */ = {isa = PBXFileReference; lastKnownFileType = sourcecode.swift; path = UITextViewHelper.swift; sourceTree = "<group>"; };
		E54A8DA9228A49770030FB2F /* NSLayoutHelper.swift */ = {isa = PBXFileReference; lastKnownFileType = sourcecode.swift; path = NSLayoutHelper.swift; sourceTree = "<group>"; };
		E54A8DAA228A49770030FB2F /* DeviceHelper.swift */ = {isa = PBXFileReference; lastKnownFileType = sourcecode.swift; path = DeviceHelper.swift; sourceTree = "<group>"; };
		E54A8DAB228A49770030FB2F /* UIButtonHelper.swift */ = {isa = PBXFileReference; lastKnownFileType = sourcecode.swift; path = UIButtonHelper.swift; sourceTree = "<group>"; };
		E54A8DAC228A49770030FB2F /* UILabelHelper.swift */ = {isa = PBXFileReference; lastKnownFileType = sourcecode.swift; path = UILabelHelper.swift; sourceTree = "<group>"; };
		E5B7851E228BA9560089BC59 /* NotoSansJP-Bold.otf */ = {isa = PBXFileReference; lastKnownFileType = file; path = "NotoSansJP-Bold.otf"; sourceTree = "<group>"; };
		E5B7851F228BA9560089BC59 /* NotoSansJP-Regular.otf */ = {isa = PBXFileReference; lastKnownFileType = file; path = "NotoSansJP-Regular.otf"; sourceTree = "<group>"; };
		E5B78522228BA9CE0089BC59 /* NotoSansJP-Medium.otf */ = {isa = PBXFileReference; lastKnownFileType = file; name = "NotoSansJP-Medium.otf"; path = "../../../Library/Fonts/NotoSansJP-Medium.otf"; sourceTree = "<group>"; };
		E5BBC249228A60C100D778C6 /* LaunchScreen.storyboard */ = {isa = PBXFileReference; lastKnownFileType = file.storyboard; path = LaunchScreen.storyboard; sourceTree = "<group>"; };
		E5BBC24C228A61DE00D778C6 /* worthy-logo.png */ = {isa = PBXFileReference; lastKnownFileType = image.png; path = "worthy-logo.png"; sourceTree = "<group>"; };
/* End PBXFileReference section */

/* Begin PBXFrameworksBuildPhase section */
		208C22EA228675B300F91C4F /* Frameworks */ = {
			isa = PBXFrameworksBuildPhase;
			buildActionMask = 2147483647;
			files = (
				20B63A60229066E700EA1814 /* WebKit.framework in Frameworks */,
				202606C1228DE0950017BDCD /* CloudKit.framework in Frameworks */,
			);
			runOnlyForDeploymentPostprocessing = 0;
		};
		208C2301228675B400F91C4F /* Frameworks */ = {
			isa = PBXFrameworksBuildPhase;
			buildActionMask = 2147483647;
			files = (
			);
			runOnlyForDeploymentPostprocessing = 0;
		};
		208C230C228675B400F91C4F /* Frameworks */ = {
			isa = PBXFrameworksBuildPhase;
			buildActionMask = 2147483647;
			files = (
			);
			runOnlyForDeploymentPostprocessing = 0;
		};
/* End PBXFrameworksBuildPhase section */

/* Begin PBXGroup section */
		2011B869228B640900067C1C /* Account Stuff */ = {
			isa = PBXGroup;
			children = (
				2011B86A228B642300067C1C /* CoreDataHelper.swift */,
				2011B86C228B64FF00067C1C /* User.swift */,
				202606BC228DDF370017BDCD /* AccountKit.swift */,
			);
			path = "Account Stuff";
			sourceTree = "<group>";
		};
		2011B870228B688C00067C1C /* OnBoarding */ = {
			isa = PBXGroup;
			children = (
				2011B871228B68B100067C1C /* OnBoardingView.swift */,
				2011B873228B68BE00067C1C /* OnBoardingView.xib */,
			);
			path = OnBoarding;
			sourceTree = "<group>";
		};
		202606BF228DE0950017BDCD /* Frameworks */ = {
			isa = PBXGroup;
			children = (
				20B63A5F229066E700EA1814 /* WebKit.framework */,
				202606C0228DE0950017BDCD /* CloudKit.framework */,
			);
			name = Frameworks;
			sourceTree = "<group>";
		};
		2042B1772291AA7C00DEAD80 /* Home */ = {
			isa = PBXGroup;
			children = (
				2042B17C2291AAC000DEAD80 /* MainTableViewCell.swift */,
			);
			path = Home;
			sourceTree = "<group>";
		};
		208C22E4228675B300F91C4F = {
			isa = PBXGroup;
			children = (
				208C22EF228675B300F91C4F /* Rambo */,
				208C2307228675B400F91C4F /* RamboTests */,
				208C2312228675B400F91C4F /* RamboUITests */,
				208C22EE228675B300F91C4F /* Products */,
				202606BF228DE0950017BDCD /* Frameworks */,
			);
			sourceTree = "<group>";
		};
		208C22EE228675B300F91C4F /* Products */ = {
			isa = PBXGroup;
			children = (
				208C22ED228675B300F91C4F /* Rambo.app */,
				208C2304228675B400F91C4F /* RamboTests.xctest */,
				208C230F228675B400F91C4F /* RamboUITests.xctest */,
			);
			name = Products;
			sourceTree = "<group>";
		};
		208C22EF228675B300F91C4F /* Rambo */ = {
			isa = PBXGroup;
			children = (
				2042B1772291AA7C00DEAD80 /* Home */,
				2042B173229070E500DEAD80 /* sample_two.html */,
				20B63A5D2290652200EA1814 /* sample_one.html */,
				20C2C1F9228E5DB000E3B0D7 /* Resume Flow */,
				202606BE228DE08C0017BDCD /* Rambo.entitlements */,
				2011B870228B688C00067C1C /* OnBoarding */,
				2011B869228B640900067C1C /* Account Stuff */,
				208C22F4228675B300F91C4F /* Main.storyboard */,
				E5BBC249228A60C100D778C6 /* LaunchScreen.storyboard */,
				2011B86E228B67C600067C1C /* OnBoardingViewController.swift */,
				208C22F0228675B300F91C4F /* AppDelegate.swift */,
				208C22F2228675B300F91C4F /* SelectATemplateViewController.swift */,
				207062FF2288A27100ADE876 /* SplashScreenViewController.swift */,
				208C22FF228675B400F91C4F /* Info.plist */,
				208C22F7228675B300F91C4F /* Rambo.xcdatamodeld */,
				208C22FA228675B400F91C4F /* Assets.xcassets */,
				E5BBC24C228A61DE00D778C6 /* worthy-logo.png */,
				E5B7851E228BA9560089BC59 /* NotoSansJP-Bold.otf */,
				E5B7851F228BA9560089BC59 /* NotoSansJP-Regular.otf */,
				E5B78522228BA9CE0089BC59 /* NotoSansJP-Medium.otf */,
				E54A8DA6228A49770030FB2F /* Layout Helper */,
				E54A8DA1228A494C0030FB2F /* Icons */,
				202606B8228DD59F0017BDCD /* SignUpViewController.swift */,
				2042B1752291A6D700DEAD80 /* MainViewController.swift */,
			);
			path = Rambo;
			sourceTree = "<group>";
		};
		208C2307228675B400F91C4F /* RamboTests */ = {
			isa = PBXGroup;
			children = (
				208C2308228675B400F91C4F /* RamboTests.swift */,
				208C230A228675B400F91C4F /* Info.plist */,
			);
			path = RamboTests;
			sourceTree = "<group>";
		};
		208C2312228675B400F91C4F /* RamboUITests */ = {
			isa = PBXGroup;
			children = (
				208C2313228675B400F91C4F /* RamboUITests.swift */,
				208C2315228675B400F91C4F /* Info.plist */,
			);
			path = RamboUITests;
			sourceTree = "<group>";
		};
		20C2C1F9228E5DB000E3B0D7 /* Resume Flow */ = {
			isa = PBXGroup;
			children = (
				20C2C1FA228E5E1000E3B0D7 /* SelectTemplate.xib */,
				20C2C1FC228E5E6000E3B0D7 /* SelectTemplate.swift */,
				20B63A55229062AC00EA1814 /* TemplateScroll.xib */,
				20B63A57229062B800EA1814 /* TemplateScroll.swift */,
				20B63A592290646B00EA1814 /* TemplateWeb.xib */,
				20B63A5B2290647900EA1814 /* TemplateWeb.swift */,
			);
			path = "Resume Flow";
			sourceTree = "<group>";
		};
		E54A8DA6228A49770030FB2F /* Layout Helper */ = {
			isa = PBXGroup;
			children = (
				E54A8DA7228A49770030FB2F /* UITextFieldHelper.swift */,
				E54A8DA8228A49770030FB2F /* UITextViewHelper.swift */,
				E54A8DA9228A49770030FB2F /* NSLayoutHelper.swift */,
				E54A8DAA228A49770030FB2F /* DeviceHelper.swift */,
				E54A8DAB228A49770030FB2F /* UIButtonHelper.swift */,
				E54A8DAC228A49770030FB2F /* UILabelHelper.swift */,
			);
			path = "Layout Helper";
			sourceTree = "<group>";
		};
/* End PBXGroup section */

/* Begin PBXNativeTarget section */
		208C22EC228675B300F91C4F /* Rambo */ = {
			isa = PBXNativeTarget;
			buildConfigurationList = 208C2318228675B400F91C4F /* Build configuration list for PBXNativeTarget "Rambo" */;
			buildPhases = (
				208C22E9228675B300F91C4F /* Sources */,
				208C22EA228675B300F91C4F /* Frameworks */,
				208C22EB228675B300F91C4F /* Resources */,
			);
			buildRules = (
			);
			dependencies = (
			);
			name = Rambo;
			productName = Rambo;
			productReference = 208C22ED228675B300F91C4F /* Rambo.app */;
			productType = "com.apple.product-type.application";
		};
		208C2303228675B400F91C4F /* RamboTests */ = {
			isa = PBXNativeTarget;
			buildConfigurationList = 208C231B228675B400F91C4F /* Build configuration list for PBXNativeTarget "RamboTests" */;
			buildPhases = (
				208C2300228675B400F91C4F /* Sources */,
				208C2301228675B400F91C4F /* Frameworks */,
				208C2302228675B400F91C4F /* Resources */,
			);
			buildRules = (
			);
			dependencies = (
				208C2306228675B400F91C4F /* PBXTargetDependency */,
			);
			name = RamboTests;
			productName = RamboTests;
			productReference = 208C2304228675B400F91C4F /* RamboTests.xctest */;
			productType = "com.apple.product-type.bundle.unit-test";
		};
		208C230E228675B400F91C4F /* RamboUITests */ = {
			isa = PBXNativeTarget;
			buildConfigurationList = 208C231E228675B400F91C4F /* Build configuration list for PBXNativeTarget "RamboUITests" */;
			buildPhases = (
				208C230B228675B400F91C4F /* Sources */,
				208C230C228675B400F91C4F /* Frameworks */,
				208C230D228675B400F91C4F /* Resources */,
			);
			buildRules = (
			);
			dependencies = (
				208C2311228675B400F91C4F /* PBXTargetDependency */,
			);
			name = RamboUITests;
			productName = RamboUITests;
			productReference = 208C230F228675B400F91C4F /* RamboUITests.xctest */;
			productType = "com.apple.product-type.bundle.ui-testing";
		};
/* End PBXNativeTarget section */

/* Begin PBXProject section */
		208C22E5228675B300F91C4F /* Project object */ = {
			isa = PBXProject;
			attributes = {
				LastSwiftUpdateCheck = 1020;
				LastUpgradeCheck = 1020;
				ORGANIZATIONNAME = "Jeffery Pereira";
				TargetAttributes = {
					208C22EC228675B300F91C4F = {
						CreatedOnToolsVersion = 10.2.1;
						SystemCapabilities = {
							com.apple.Push = {
								enabled = 1;
							};
							com.apple.iCloud = {
								enabled = 1;
							};
						};
					};
					208C2303228675B400F91C4F = {
						CreatedOnToolsVersion = 10.2.1;
						TestTargetID = 208C22EC228675B300F91C4F;
					};
					208C230E228675B400F91C4F = {
						CreatedOnToolsVersion = 10.2.1;
						TestTargetID = 208C22EC228675B300F91C4F;
					};
				};
			};
			buildConfigurationList = 208C22E8228675B300F91C4F /* Build configuration list for PBXProject "Rambo" */;
			compatibilityVersion = "Xcode 9.3";
			developmentRegion = en;
			hasScannedForEncodings = 0;
			knownRegions = (
				en,
				Base,
			);
			mainGroup = 208C22E4228675B300F91C4F;
			productRefGroup = 208C22EE228675B300F91C4F /* Products */;
			projectDirPath = "";
			projectRoot = "";
			targets = (
				208C22EC228675B300F91C4F /* Rambo */,
				208C2303228675B400F91C4F /* RamboTests */,
				208C230E228675B400F91C4F /* RamboUITests */,
			);
		};
/* End PBXProject section */

/* Begin PBXResourcesBuildPhase section */
		208C22EB228675B300F91C4F /* Resources */ = {
			isa = PBXResourcesBuildPhase;
			buildActionMask = 2147483647;
			files = (
				2011B874228B68BE00067C1C /* OnBoardingView.xib in Resources */,
				20C2C1FB228E5E1000E3B0D7 /* SelectTemplate.xib in Resources */,
				208C22FB228675B400F91C4F /* Assets.xcassets in Resources */,
				208C22F6228675B300F91C4F /* Main.storyboard in Resources */,
				E5BBC24D228A61DE00D778C6 /* worthy-logo.png in Resources */,
				2042B174229070E500DEAD80 /* sample_two.html in Resources */,
				E5B78521228BA9720089BC59 /* NotoSansJP-Regular.otf in Resources */,
				20B63A56229062AC00EA1814 /* TemplateScroll.xib in Resources */,
				20B63A5E2290652200EA1814 /* sample_one.html in Resources */,
				E5BBC24A228A60C100D778C6 /* LaunchScreen.storyboard in Resources */,
				E5B78523228BA9CE0089BC59 /* NotoSansJP-Medium.otf in Resources */,
				E54A8DA4228A494D0030FB2F /* Icons in Resources */,
				20B63A5A2290646B00EA1814 /* TemplateWeb.xib in Resources */,
				E5B78520228BA96E0089BC59 /* NotoSansJP-Bold.otf in Resources */,
			);
			runOnlyForDeploymentPostprocessing = 0;
		};
		208C2302228675B400F91C4F /* Resources */ = {
			isa = PBXResourcesBuildPhase;
			buildActionMask = 2147483647;
			files = (
			);
			runOnlyForDeploymentPostprocessing = 0;
		};
		208C230D228675B400F91C4F /* Resources */ = {
			isa = PBXResourcesBuildPhase;
			buildActionMask = 2147483647;
			files = (
			);
			runOnlyForDeploymentPostprocessing = 0;
		};
/* End PBXResourcesBuildPhase section */

/* Begin PBXSourcesBuildPhase section */
		208C22E9228675B300F91C4F /* Sources */ = {
			isa = PBXSourcesBuildPhase;
			buildActionMask = 2147483647;
			files = (
				202606BD228DDF370017BDCD /* AccountKit.swift in Sources */,
				E5B7852A228BB5690089BC59 /* UIButtonHelper.swift in Sources */,
				2011B86B228B642300067C1C /* CoreDataHelper.swift in Sources */,
				E5B78529228BB5690089BC59 /* DeviceHelper.swift in Sources */,
				20B63A58229062B800EA1814 /* TemplateScroll.swift in Sources */,
				E5B78527228BB5690089BC59 /* UITextViewHelper.swift in Sources */,
				208C22F9228675B300F91C4F /* Rambo.xcdatamodeld in Sources */,
				20B63A5C2290647900EA1814 /* TemplateWeb.swift in Sources */,
				20C2C1FD228E5E6000E3B0D7 /* SelectTemplate.swift in Sources */,
				E5B78528228BB5690089BC59 /* NSLayoutHelper.swift in Sources */,
				2042B17E2291AAC000DEAD80 /* MainTableViewCell.swift in Sources */,
				2011B86F228B67C600067C1C /* OnBoardingViewController.swift in Sources */,
				2011B86D228B64FF00067C1C /* User.swift in Sources */,
				E5B78526228BB5690089BC59 /* UITextFieldHelper.swift in Sources */,
				202606B9228DD59F0017BDCD /* SignUpViewController.swift in Sources */,
				208C22F3228675B300F91C4F /* SelectATemplateViewController.swift in Sources */,
				2011B872228B68B100067C1C /* OnBoardingView.swift in Sources */,
				207063002288A27100ADE876 /* SplashScreenViewController.swift in Sources */,
				E5B7852B228BB5690089BC59 /* UILabelHelper.swift in Sources */,
				208C22F1228675B300F91C4F /* AppDelegate.swift in Sources */,
				2042B1762291A6D700DEAD80 /* MainViewController.swift in Sources */,
			);
			runOnlyForDeploymentPostprocessing = 0;
		};
		208C2300228675B400F91C4F /* Sources */ = {
			isa = PBXSourcesBuildPhase;
			buildActionMask = 2147483647;
			files = (
				208C2309228675B400F91C4F /* RamboTests.swift in Sources */,
			);
			runOnlyForDeploymentPostprocessing = 0;
		};
		208C230B228675B400F91C4F /* Sources */ = {
			isa = PBXSourcesBuildPhase;
			buildActionMask = 2147483647;
			files = (
				208C2314228675B400F91C4F /* RamboUITests.swift in Sources */,
			);
			runOnlyForDeploymentPostprocessing = 0;
		};
/* End PBXSourcesBuildPhase section */

/* Begin PBXTargetDependency section */
		208C2306228675B400F91C4F /* PBXTargetDependency */ = {
			isa = PBXTargetDependency;
			target = 208C22EC228675B300F91C4F /* Rambo */;
			targetProxy = 208C2305228675B400F91C4F /* PBXContainerItemProxy */;
		};
		208C2311228675B400F91C4F /* PBXTargetDependency */ = {
			isa = PBXTargetDependency;
			target = 208C22EC228675B300F91C4F /* Rambo */;
			targetProxy = 208C2310228675B400F91C4F /* PBXContainerItemProxy */;
		};
/* End PBXTargetDependency section */

/* Begin PBXVariantGroup section */
		208C22F4228675B300F91C4F /* Main.storyboard */ = {
			isa = PBXVariantGroup;
			children = (
				208C22F5228675B300F91C4F /* Base */,
			);
			name = Main.storyboard;
			sourceTree = "<group>";
		};
/* End PBXVariantGroup section */

/* Begin XCBuildConfiguration section */
		208C2316228675B400F91C4F /* Debug */ = {
			isa = XCBuildConfiguration;
			buildSettings = {
				ALWAYS_SEARCH_USER_PATHS = NO;
				CLANG_ANALYZER_NONNULL = YES;
				CLANG_ANALYZER_NUMBER_OBJECT_CONVERSION = YES_AGGRESSIVE;
				CLANG_CXX_LANGUAGE_STANDARD = "gnu++14";
				CLANG_CXX_LIBRARY = "libc++";
				CLANG_ENABLE_MODULES = YES;
				CLANG_ENABLE_OBJC_ARC = YES;
				CLANG_ENABLE_OBJC_WEAK = YES;
				CLANG_WARN_BLOCK_CAPTURE_AUTORELEASING = YES;
				CLANG_WARN_BOOL_CONVERSION = YES;
				CLANG_WARN_COMMA = YES;
				CLANG_WARN_CONSTANT_CONVERSION = YES;
				CLANG_WARN_DEPRECATED_OBJC_IMPLEMENTATIONS = YES;
				CLANG_WARN_DIRECT_OBJC_ISA_USAGE = YES_ERROR;
				CLANG_WARN_DOCUMENTATION_COMMENTS = YES;
				CLANG_WARN_EMPTY_BODY = YES;
				CLANG_WARN_ENUM_CONVERSION = YES;
				CLANG_WARN_INFINITE_RECURSION = YES;
				CLANG_WARN_INT_CONVERSION = YES;
				CLANG_WARN_NON_LITERAL_NULL_CONVERSION = YES;
				CLANG_WARN_OBJC_IMPLICIT_RETAIN_SELF = YES;
				CLANG_WARN_OBJC_LITERAL_CONVERSION = YES;
				CLANG_WARN_OBJC_ROOT_CLASS = YES_ERROR;
				CLANG_WARN_RANGE_LOOP_ANALYSIS = YES;
				CLANG_WARN_STRICT_PROTOTYPES = YES;
				CLANG_WARN_SUSPICIOUS_MOVE = YES;
				CLANG_WARN_UNGUARDED_AVAILABILITY = YES_AGGRESSIVE;
				CLANG_WARN_UNREACHABLE_CODE = YES;
				CLANG_WARN__DUPLICATE_METHOD_MATCH = YES;
				CODE_SIGN_IDENTITY = "iPhone Developer";
				COPY_PHASE_STRIP = NO;
				DEBUG_INFORMATION_FORMAT = dwarf;
				ENABLE_STRICT_OBJC_MSGSEND = YES;
				ENABLE_TESTABILITY = YES;
				GCC_C_LANGUAGE_STANDARD = gnu11;
				GCC_DYNAMIC_NO_PIC = NO;
				GCC_NO_COMMON_BLOCKS = YES;
				GCC_OPTIMIZATION_LEVEL = 0;
				GCC_PREPROCESSOR_DEFINITIONS = (
					"DEBUG=1",
					"$(inherited)",
				);
				GCC_WARN_64_TO_32_BIT_CONVERSION = YES;
				GCC_WARN_ABOUT_RETURN_TYPE = YES_ERROR;
				GCC_WARN_UNDECLARED_SELECTOR = YES;
				GCC_WARN_UNINITIALIZED_AUTOS = YES_AGGRESSIVE;
				GCC_WARN_UNUSED_FUNCTION = YES;
				GCC_WARN_UNUSED_VARIABLE = YES;
				IPHONEOS_DEPLOYMENT_TARGET = 12.2;
				MTL_ENABLE_DEBUG_INFO = INCLUDE_SOURCE;
				MTL_FAST_MATH = YES;
				ONLY_ACTIVE_ARCH = YES;
				SDKROOT = iphoneos;
				SWIFT_ACTIVE_COMPILATION_CONDITIONS = DEBUG;
				SWIFT_OPTIMIZATION_LEVEL = "-Onone";
			};
			name = Debug;
		};
		208C2317228675B400F91C4F /* Release */ = {
			isa = XCBuildConfiguration;
			buildSettings = {
				ALWAYS_SEARCH_USER_PATHS = NO;
				CLANG_ANALYZER_NONNULL = YES;
				CLANG_ANALYZER_NUMBER_OBJECT_CONVERSION = YES_AGGRESSIVE;
				CLANG_CXX_LANGUAGE_STANDARD = "gnu++14";
				CLANG_CXX_LIBRARY = "libc++";
				CLANG_ENABLE_MODULES = YES;
				CLANG_ENABLE_OBJC_ARC = YES;
				CLANG_ENABLE_OBJC_WEAK = YES;
				CLANG_WARN_BLOCK_CAPTURE_AUTORELEASING = YES;
				CLANG_WARN_BOOL_CONVERSION = YES;
				CLANG_WARN_COMMA = YES;
				CLANG_WARN_CONSTANT_CONVERSION = YES;
				CLANG_WARN_DEPRECATED_OBJC_IMPLEMENTATIONS = YES;
				CLANG_WARN_DIRECT_OBJC_ISA_USAGE = YES_ERROR;
				CLANG_WARN_DOCUMENTATION_COMMENTS = YES;
				CLANG_WARN_EMPTY_BODY = YES;
				CLANG_WARN_ENUM_CONVERSION = YES;
				CLANG_WARN_INFINITE_RECURSION = YES;
				CLANG_WARN_INT_CONVERSION = YES;
				CLANG_WARN_NON_LITERAL_NULL_CONVERSION = YES;
				CLANG_WARN_OBJC_IMPLICIT_RETAIN_SELF = YES;
				CLANG_WARN_OBJC_LITERAL_CONVERSION = YES;
				CLANG_WARN_OBJC_ROOT_CLASS = YES_ERROR;
				CLANG_WARN_RANGE_LOOP_ANALYSIS = YES;
				CLANG_WARN_STRICT_PROTOTYPES = YES;
				CLANG_WARN_SUSPICIOUS_MOVE = YES;
				CLANG_WARN_UNGUARDED_AVAILABILITY = YES_AGGRESSIVE;
				CLANG_WARN_UNREACHABLE_CODE = YES;
				CLANG_WARN__DUPLICATE_METHOD_MATCH = YES;
				CODE_SIGN_IDENTITY = "iPhone Developer";
				COPY_PHASE_STRIP = NO;
				DEBUG_INFORMATION_FORMAT = "dwarf-with-dsym";
				ENABLE_NS_ASSERTIONS = NO;
				ENABLE_STRICT_OBJC_MSGSEND = YES;
				GCC_C_LANGUAGE_STANDARD = gnu11;
				GCC_NO_COMMON_BLOCKS = YES;
				GCC_WARN_64_TO_32_BIT_CONVERSION = YES;
				GCC_WARN_ABOUT_RETURN_TYPE = YES_ERROR;
				GCC_WARN_UNDECLARED_SELECTOR = YES;
				GCC_WARN_UNINITIALIZED_AUTOS = YES_AGGRESSIVE;
				GCC_WARN_UNUSED_FUNCTION = YES;
				GCC_WARN_UNUSED_VARIABLE = YES;
				IPHONEOS_DEPLOYMENT_TARGET = 12.2;
				MTL_ENABLE_DEBUG_INFO = NO;
				MTL_FAST_MATH = YES;
				SDKROOT = iphoneos;
				SWIFT_COMPILATION_MODE = wholemodule;
				SWIFT_OPTIMIZATION_LEVEL = "-O";
				VALIDATE_PRODUCT = YES;
			};
			name = Release;
		};
		208C2319228675B400F91C4F /* Debug */ = {
			isa = XCBuildConfiguration;
			buildSettings = {
				ASSETCATALOG_COMPILER_APPICON_NAME = AppIcon;
				CODE_SIGN_ENTITLEMENTS = Rambo/Rambo.entitlements;
				CODE_SIGN_STYLE = Automatic;
				DEVELOPMENT_TEAM = BEPL73VPNG;
				INFOPLIST_FILE = Rambo/Info.plist;
				LD_RUNPATH_SEARCH_PATHS = (
					"$(inherited)",
					"@executable_path/Frameworks",
				);
				PRODUCT_BUNDLE_IDENTIFIER = Jeff.GOODLIFE.Worthy;
				PRODUCT_NAME = "$(TARGET_NAME)";
				SWIFT_VERSION = 5.0;
				TARGETED_DEVICE_FAMILY = "1,2";
			};
			name = Debug;
		};
		208C231A228675B400F91C4F /* Release */ = {
			isa = XCBuildConfiguration;
			buildSettings = {
				ASSETCATALOG_COMPILER_APPICON_NAME = AppIcon;
				CODE_SIGN_ENTITLEMENTS = Rambo/Rambo.entitlements;
				CODE_SIGN_STYLE = Automatic;
				DEVELOPMENT_TEAM = BEPL73VPNG;
				INFOPLIST_FILE = Rambo/Info.plist;
				LD_RUNPATH_SEARCH_PATHS = (
					"$(inherited)",
					"@executable_path/Frameworks",
				);
				PRODUCT_BUNDLE_IDENTIFIER = Jeff.GOODLIFE.Worthy;
				PRODUCT_NAME = "$(TARGET_NAME)";
				SWIFT_VERSION = 5.0;
				TARGETED_DEVICE_FAMILY = "1,2";
			};
			name = Release;
		};
		208C231C228675B400F91C4F /* Debug */ = {
			isa = XCBuildConfiguration;
			buildSettings = {
				ALWAYS_EMBED_SWIFT_STANDARD_LIBRARIES = YES;
				BUNDLE_LOADER = "$(TEST_HOST)";
				CODE_SIGN_STYLE = Automatic;
				DEVELOPMENT_TEAM = BEPL73VPNG;
				INFOPLIST_FILE = RamboTests/Info.plist;
				LD_RUNPATH_SEARCH_PATHS = (
					"$(inherited)",
					"@executable_path/Frameworks",
					"@loader_path/Frameworks",
				);
				PRODUCT_BUNDLE_IDENTIFIER = jeff.GOODLIFE.RamboTests;
				PRODUCT_NAME = "$(TARGET_NAME)";
				SWIFT_VERSION = 5.0;
				TARGETED_DEVICE_FAMILY = "1,2";
				TEST_HOST = "$(BUILT_PRODUCTS_DIR)/Rambo.app/Rambo";
			};
			name = Debug;
		};
		208C231D228675B400F91C4F /* Release */ = {
			isa = XCBuildConfiguration;
			buildSettings = {
				ALWAYS_EMBED_SWIFT_STANDARD_LIBRARIES = YES;
				BUNDLE_LOADER = "$(TEST_HOST)";
				CODE_SIGN_STYLE = Automatic;
				DEVELOPMENT_TEAM = BEPL73VPNG;
				INFOPLIST_FILE = RamboTests/Info.plist;
				LD_RUNPATH_SEARCH_PATHS = (
					"$(inherited)",
					"@executable_path/Frameworks",
					"@loader_path/Frameworks",
				);
				PRODUCT_BUNDLE_IDENTIFIER = jeff.GOODLIFE.RamboTests;
				PRODUCT_NAME = "$(TARGET_NAME)";
				SWIFT_VERSION = 5.0;
				TARGETED_DEVICE_FAMILY = "1,2";
				TEST_HOST = "$(BUILT_PRODUCTS_DIR)/Rambo.app/Rambo";
			};
			name = Release;
		};
		208C231F228675B400F91C4F /* Debug */ = {
			isa = XCBuildConfiguration;
			buildSettings = {
				ALWAYS_EMBED_SWIFT_STANDARD_LIBRARIES = YES;
				CODE_SIGN_STYLE = Automatic;
				DEVELOPMENT_TEAM = BEPL73VPNG;
				INFOPLIST_FILE = RamboUITests/Info.plist;
				LD_RUNPATH_SEARCH_PATHS = (
					"$(inherited)",
					"@executable_path/Frameworks",
					"@loader_path/Frameworks",
				);
				PRODUCT_BUNDLE_IDENTIFIER = jeff.GOODLIFE.RamboUITests;
				PRODUCT_NAME = "$(TARGET_NAME)";
				SWIFT_VERSION = 5.0;
				TARGETED_DEVICE_FAMILY = "1,2";
				TEST_TARGET_NAME = Rambo;
			};
			name = Debug;
		};
		208C2320228675B400F91C4F /* Release */ = {
			isa = XCBuildConfiguration;
			buildSettings = {
				ALWAYS_EMBED_SWIFT_STANDARD_LIBRARIES = YES;
				CODE_SIGN_STYLE = Automatic;
				DEVELOPMENT_TEAM = BEPL73VPNG;
				INFOPLIST_FILE = RamboUITests/Info.plist;
				LD_RUNPATH_SEARCH_PATHS = (
					"$(inherited)",
					"@executable_path/Frameworks",
					"@loader_path/Frameworks",
				);
				PRODUCT_BUNDLE_IDENTIFIER = jeff.GOODLIFE.RamboUITests;
				PRODUCT_NAME = "$(TARGET_NAME)";
				SWIFT_VERSION = 5.0;
				TARGETED_DEVICE_FAMILY = "1,2";
				TEST_TARGET_NAME = Rambo;
			};
			name = Release;
		};
/* End XCBuildConfiguration section */

/* Begin XCConfigurationList section */
		208C22E8228675B300F91C4F /* Build configuration list for PBXProject "Rambo" */ = {
			isa = XCConfigurationList;
			buildConfigurations = (
				208C2316228675B400F91C4F /* Debug */,
				208C2317228675B400F91C4F /* Release */,
			);
			defaultConfigurationIsVisible = 0;
			defaultConfigurationName = Release;
		};
		208C2318228675B400F91C4F /* Build configuration list for PBXNativeTarget "Rambo" */ = {
			isa = XCConfigurationList;
			buildConfigurations = (
				208C2319228675B400F91C4F /* Debug */,
				208C231A228675B400F91C4F /* Release */,
			);
			defaultConfigurationIsVisible = 0;
			defaultConfigurationName = Release;
		};
		208C231B228675B400F91C4F /* Build configuration list for PBXNativeTarget "RamboTests" */ = {
			isa = XCConfigurationList;
			buildConfigurations = (
				208C231C228675B400F91C4F /* Debug */,
				208C231D228675B400F91C4F /* Release */,
			);
			defaultConfigurationIsVisible = 0;
			defaultConfigurationName = Release;
		};
		208C231E228675B400F91C4F /* Build configuration list for PBXNativeTarget "RamboUITests" */ = {
			isa = XCConfigurationList;
			buildConfigurations = (
				208C231F228675B400F91C4F /* Debug */,
				208C2320228675B400F91C4F /* Release */,
			);
			defaultConfigurationIsVisible = 0;
			defaultConfigurationName = Release;
		};
/* End XCConfigurationList section */

/* Begin XCVersionGroup section */
		208C22F7228675B300F91C4F /* Rambo.xcdatamodeld */ = {
			isa = XCVersionGroup;
			children = (
				208C22F8228675B300F91C4F /* Rambo.xcdatamodel */,
			);
			currentVersion = 208C22F8228675B300F91C4F /* Rambo.xcdatamodel */;
			path = Rambo.xcdatamodeld;
			sourceTree = "<group>";
			versionGroupType = wrapper.xcdatamodel;
		};
/* End XCVersionGroup section */
	};
	rootObject = 208C22E5228675B300F91C4F /* Project object */;
}
